
Microsoft Visual Studio Solution File, Format Version 12.00
# Visual Studio Version 16
VisualStudioVersion = 16.0.30907.101
MinimumVisualStudioVersion = 10.0.40219.1
Project("{FAE04EC0-301F-11D3-BF4B-00C04F79EFBC}") = "DataAccess", "DataAccess\DataAccess.csproj", "{598BA4C8-47FD-4613-86AD-D51EAA522F6F}"
EndProject
Project("{FAE04EC0-301F-11D3-BF4B-00C04F79EFBC}") = "Business", "Business\Business.csproj", "{988EE36F-8830-4E2E-983B-DAC83469830E}"
EndProject
Project("{FAE04EC0-301F-11D3-BF4B-00C04F79EFBC}") = "ConsoleUI", "ConsoleUI\ConsoleUI.csproj", "{EEDB93D5-B0A5-4DB4-8090-0B6784D8CA4F}"
EndProject
Project("{FAE04EC0-301F-11D3-BF4B-00C04F79EFBC}") = "Entities", "Entities\Entities.csproj", "{E12A0850-D145-47FB-BCE2-24971E3B3FD3}"
EndProject
Global
	GlobalSection(SolutionConfigurationPlatforms) = preSolution
		Debug|Any CPU = Debug|Any CPU
		Release|Any CPU = Release|Any CPU
	EndGlobalSection
	GlobalSection(ProjectConfigurationPlatforms) = postSolution
		{598BA4C8-47FD-4613-86AD-D51EAA522F6F}.Debug|Any CPU.ActiveCfg = Debug|Any CPU
		{598BA4C8-47FD-4613-86AD-D51EAA522F6F}.Debug|Any CPU.Build.0 = Debug|Any CPU
		{598BA4C8-47FD-4613-86AD-D51EAA522F6F}.Release|Any CPU.ActiveCfg = Release|Any CPU
		{598BA4C8-47FD-4613-86AD-D51EAA522F6F}.Release|Any CPU.Build.0 = Release|Any CPU
		{988EE36F-8830-4E2E-983B-DAC83469830E}.Debug|Any CPU.ActiveCfg = Debug|Any CPU
		{988EE36F-8830-4E2E-983B-DAC83469830E}.Debug|Any CPU.Build.0 = Debug|Any CPU
		{988EE36F-8830-4E2E-983B-DAC83469830E}.Release|Any CPU.ActiveCfg = Release|Any CPU
		{988EE36F-8830-4E2E-983B-DAC83469830E}.Release|Any CPU.Build.0 = Release|Any CPU
		{EEDB93D5-B0A5-4DB4-8090-0B6784D8CA4F}.Debug|Any CPU.ActiveCfg = Debug|Any CPU
		{EEDB93D5-B0A5-4DB4-8090-0B6784D8CA4F}.Debug|Any CPU.Build.0 = Debug|Any CPU
		{EEDB93D5-B0A5-4DB4-8090-0B6784D8CA4F}.Release|Any CPU.ActiveCfg = Release|Any CPU
		{EEDB93D5-B0A5-4DB4-8090-0B6784D8CA4F}.Release|Any CPU.Build.0 = Release|Any CPU
		{E12A0850-D145-47FB-BCE2-24971E3B3FD3}.Debug|Any CPU.ActiveCfg = Debug|Any CPU
		{E12A0850-D145-47FB-BCE2-24971E3B3FD3}.Debug|Any CPU.Build.0 = Debug|Any CPU
		{E12A0850-D145-47FB-BCE2-24971E3B3FD3}.Release|Any CPU.ActiveCfg = Release|Any CPU
		{E12A0850-D145-47FB-BCE2-24971E3B3FD3}.Release|Any CPU.Build.0 = Release|Any CPU
	EndGlobalSection
	GlobalSection(SolutionProperties) = preSolution
		HideSolutionNode = FALSE
	EndGlobalSection
	GlobalSection(ExtensibilityGlobals) = postSolution
		SolutionGuid = {B3FA9563-AC24-4502-B30B-6BF7D2BF3D8D}
	EndGlobalSection
EndGlobal
