
Microsoft Visual Studio Solution File, Format Version 12.00
# Visual Studio Version 16
VisualStudioVersion = 16.0.30907.101
MinimumVisualStudioVersion = 10.0.40219.1
Project("{9A19103F-16F7-4668-BE54-9A1E7A4F7556}") = "DataAccess", "DataAccess\DataAccess.csproj", "{598BA4C8-47FD-4613-86AD-D51EAA522F6F}"
EndProject
Project("{9A19103F-16F7-4668-BE54-9A1E7A4F7556}") = "Business", "Business\Business.csproj", "{988EE36F-8830-4E2E-983B-DAC83469830E}"
EndProject
Project("{9A19103F-16F7-4668-BE54-9A1E7A4F7556}") = "ConsoleUI", "ConsoleUI\ConsoleUI.csproj", "{EEDB93D5-B0A5-4DB4-8090-0B6784D8CA4F}"
EndProject
Project("{9A19103F-16F7-4668-BE54-9A1E7A4F7556}") = "Entities", "Entities\Entities.csproj", "{E12A0850-D145-47FB-BCE2-24971E3B3FD3}"
EndProject
Project("{9A19103F-16F7-4668-BE54-9A1E7A4F7556}") = "Core", "Core\Core.csproj", "{76841E90-50EC-4807-99D2-D79D75EB2FC8}"
EndProject
Project("{FAE04EC0-301F-11D3-BF4B-00C04F79EFBC}") = "WebAPI", "WebAPI\WebAPI.csproj", "{45139D26-9069-4CA8-95D2-7B6CD2F4B8D7}"
EndProject
Global
	GlobalSection(SolutionConfigurationPlatforms) = preSolution
		Debug|Any CPU = Debug|Any CPU
		Release|Any CPU = Release|Any CPU
	EndGlobalSection
	GlobalSection(ProjectConfigurationPlatforms) = postSolution
		{598BA4C8-47FD-4613-86AD-D51EAA522F6F}.Debug|Any CPU.ActiveCfg = Debug|Any CPU
		{598BA4C8-47FD-4613-86AD-D51EAA522F6F}.Debug|Any CPU.Build.0 = Debug|Any CPU
		{598BA4C8-47FD-4613-86AD-D51EAA522F6F}.Release|Any CPU.ActiveCfg = Release|Any CPU
		{598BA4C8-47FD-4613-86AD-D51EAA522F6F}.Release|Any CPU.Build.0 = Release|Any CPU
		{988EE36F-8830-4E2E-983B-DAC83469830E}.Debug|Any CPU.ActiveCfg = Debug|Any CPU
		{988EE36F-8830-4E2E-983B-DAC83469830E}.Debug|Any CPU.Build.0 = Debug|Any CPU
		{988EE36F-8830-4E2E-983B-DAC83469830E}.Release|Any CPU.ActiveCfg = Release|Any CPU
		{988EE36F-8830-4E2E-983B-DAC83469830E}.Release|Any CPU.Build.0 = Release|Any CPU
		{EEDB93D5-B0A5-4DB4-8090-0B6784D8CA4F}.Debug|Any CPU.ActiveCfg = Debug|Any CPU
		{EEDB93D5-B0A5-4DB4-8090-0B6784D8CA4F}.Debug|Any CPU.Build.0 = Debug|Any CPU
		{EEDB93D5-B0A5-4DB4-8090-0B6784D8CA4F}.Release|Any CPU.ActiveCfg = Release|Any CPU
		{EEDB93D5-B0A5-4DB4-8090-0B6784D8CA4F}.Release|Any CPU.Build.0 = Release|Any CPU
		{E12A0850-D145-47FB-BCE2-24971E3B3FD3}.Debug|Any CPU.ActiveCfg = Debug|Any CPU
		{E12A0850-D145-47FB-BCE2-24971E3B3FD3}.Debug|Any CPU.Build.0 = Debug|Any CPU
		{E12A0850-D145-47FB-BCE2-24971E3B3FD3}.Release|Any CPU.ActiveCfg = Release|Any CPU
		{E12A0850-D145-47FB-BCE2-24971E3B3FD3}.Release|Any CPU.Build.0 = Release|Any CPU
		{76841E90-50EC-4807-99D2-D79D75EB2FC8}.Debug|Any CPU.ActiveCfg = Debug|Any CPU
		{76841E90-50EC-4807-99D2-D79D75EB2FC8}.Debug|Any CPU.Build.0 = Debug|Any CPU
		{76841E90-50EC-4807-99D2-D79D75EB2FC8}.Release|Any CPU.ActiveCfg = Release|Any CPU
		{76841E90-50EC-4807-99D2-D79D75EB2FC8}.Release|Any CPU.Build.0 = Release|Any CPU
		{45139D26-9069-4CA8-95D2-7B6CD2F4B8D7}.Debug|Any CPU.ActiveCfg = Debug|Any CPU
		{45139D26-9069-4CA8-95D2-7B6CD2F4B8D7}.Debug|Any CPU.Build.0 = Debug|Any CPU
		{45139D26-9069-4CA8-95D2-7B6CD2F4B8D7}.Release|Any CPU.ActiveCfg = Release|Any CPU
		{45139D26-9069-4CA8-95D2-7B6CD2F4B8D7}.Release|Any CPU.Build.0 = Release|Any CPU
	EndGlobalSection
	GlobalSection(SolutionProperties) = preSolution
		HideSolutionNode = FALSE
	EndGlobalSection
	GlobalSection(ExtensibilityGlobals) = postSolution
		SolutionGuid = {B3FA9563-AC24-4502-B30B-6BF7D2BF3D8D}
	EndGlobalSection
EndGlobal
